// !$*UTF8*$!
{
	archiveVersion = 1;
	classes = {
	};
	objectVersion = 46;
	objects = {

/* Begin PBXBuildFile section */
		D9F16FE91ECD672C0077CCC2 /* main.m in Sources */ = {isa = PBXBuildFile; fileRef = D9F16FE81ECD672C0077CCC2 /* main.m */; };
		D9F16FEC1ECD672C0077CCC2 /* AppDelegate.m in Sources */ = {isa = PBXBuildFile; fileRef = D9F16FEB1ECD672C0077CCC2 /* AppDelegate.m */; };
		D9F16FEF1ECD672C0077CCC2 /* ViewController.m in Sources */ = {isa = PBXBuildFile; fileRef = D9F16FEE1ECD672C0077CCC2 /* ViewController.m */; };
		D9F16FF41ECD672C0077CCC2 /* Assets.xcassets in Resources */ = {isa = PBXBuildFile; fileRef = D9F16FF31ECD672C0077CCC2 /* Assets.xcassets */; };
		D9F16FF71ECD672C0077CCC2 /* LaunchScreen.storyboard in Resources */ = {isa = PBXBuildFile; fileRef = D9F16FF51ECD672C0077CCC2 /* LaunchScreen.storyboard */; };
		D9F170071ECD6AB40077CCC2 /* JVFloatingDrawerSpringAnimator.m in Sources */ = {isa = PBXBuildFile; fileRef = D9F170021ECD6AB40077CCC2 /* JVFloatingDrawerSpringAnimator.m */; };
		D9F170081ECD6AB40077CCC2 /* JVFloatingDrawerView.m in Sources */ = {isa = PBXBuildFile; fileRef = D9F170041ECD6AB40077CCC2 /* JVFloatingDrawerView.m */; };
		D9F170091ECD6AB40077CCC2 /* JVFloatingDrawerViewController.m in Sources */ = {isa = PBXBuildFile; fileRef = D9F170061ECD6AB40077CCC2 /* JVFloatingDrawerViewController.m */; };
		D9F1700D1ECD6B5D0077CCC2 /* SidebarViewController.m in Sources */ = {isa = PBXBuildFile; fileRef = D9F1700C1ECD6B5D0077CCC2 /* SidebarViewController.m */; };
		D9F170121ECD758F0077CCC2 /* DBManager.m in Sources */ = {isa = PBXBuildFile; fileRef = D9F170111ECD758F0077CCC2 /* DBManager.m */; };
		D9F170151ECD75AE0077CCC2 /* libsqlite3.tbd in Frameworks */ = {isa = PBXBuildFile; fileRef = D9F170141ECD75AE0077CCC2 /* libsqlite3.tbd */; };
		D9F170171ECD76C20077CCC2 /* FarmGuide.sql in Resources */ = {isa = PBXBuildFile; fileRef = D9F170161ECD76C20077CCC2 /* FarmGuide.sql */; };
		D9F1701A1ECD76FF0077CCC2 /* UserProfile.m in Sources */ = {isa = PBXBuildFile; fileRef = D9F170191ECD76FF0077CCC2 /* UserProfile.m */; };
		D9F1701D1ECD78C50077CCC2 /* ProfileViewController.m in Sources */ = {isa = PBXBuildFile; fileRef = D9F1701C1ECD78C50077CCC2 /* ProfileViewController.m */; };
		D9F170201ECD79040077CCC2 /* AppManager.m in Sources */ = {isa = PBXBuildFile; fileRef = D9F1701F1ECD79040077CCC2 /* AppManager.m */; };
		D9F170241ECD80DA0077CCC2 /* ALAssetsLibrary+CustomPhotoAlbum.m in Sources */ = {isa = PBXBuildFile; fileRef = D9F170231ECD80DA0077CCC2 /* ALAssetsLibrary+CustomPhotoAlbum.m */; };
		D9F170261ECD81620077CCC2 /* AssetsLibrary.framework in Frameworks */ = {isa = PBXBuildFile; fileRef = D9F170251ECD81620077CCC2 /* AssetsLibrary.framework */; };
		D9F1702B1ECDB93E0077CCC2 /* ProfileCell.m in Sources */ = {isa = PBXBuildFile; fileRef = D9F1702A1ECDB93E0077CCC2 /* ProfileCell.m */; };
		D9F1702D1ECDCC970077CCC2 /* MobileCoreServices.framework in Frameworks */ = {isa = PBXBuildFile; fileRef = D9F1702C1ECDCC970077CCC2 /* MobileCoreServices.framework */; };
		D9F1702F1ECDCFF10077CCC2 /* icon.ttf in Resources */ = {isa = PBXBuildFile; fileRef = D9F1702E1ECDCFF10077CCC2 /* icon.ttf */; };
		D9F170331ECDDDE30077CCC2 /* UIImage+FX.m in Sources */ = {isa = PBXBuildFile; fileRef = D9F170321ECDDDE30077CCC2 /* UIImage+FX.m */; };
		D9F170361ECECDC40077CCC2 /* MapViewController.m in Sources */ = {isa = PBXBuildFile; fileRef = D9F170351ECECDC40077CCC2 /* MapViewController.m */; };
		D9F1703F1ECEEC6D0077CCC2 /* GoogleMapsBase.framework in Frameworks */ = {isa = PBXBuildFile; fileRef = D9F1703D1ECEEC6D0077CCC2 /* GoogleMapsBase.framework */; };
		D9F170401ECEEC6D0077CCC2 /* GooglePlaces.framework in Frameworks */ = {isa = PBXBuildFile; fileRef = D9F1703E1ECEEC6D0077CCC2 /* GooglePlaces.framework */; };
		D9F170421ECEEC8E0077CCC2 /* GooglePlaces.bundle in Resources */ = {isa = PBXBuildFile; fileRef = D9F170411ECEEC8E0077CCC2 /* GooglePlaces.bundle */; };
		D9F170441ECEECB80077CCC2 /* Accelerate.framework in Frameworks */ = {isa = PBXBuildFile; fileRef = D9F170431ECEECB80077CCC2 /* Accelerate.framework */; };
		D9F170461ECEECBC0077CCC2 /* CoreData.framework in Frameworks */ = {isa = PBXBuildFile; fileRef = D9F170451ECEECBC0077CCC2 /* CoreData.framework */; };
		D9F170481ECEECC40077CCC2 /* CoreGraphics.framework in Frameworks */ = {isa = PBXBuildFile; fileRef = D9F170471ECEECC40077CCC2 /* CoreGraphics.framework */; };
		D9F1704A1ECEECC80077CCC2 /* CoreLocation.framework in Frameworks */ = {isa = PBXBuildFile; fileRef = D9F170491ECEECC80077CCC2 /* CoreLocation.framework */; };
		D9F1704C1ECEECCE0077CCC2 /* CoreText.framework in Frameworks */ = {isa = PBXBuildFile; fileRef = D9F1704B1ECEECCE0077CCC2 /* CoreText.framework */; };
		D9F1704E1ECEECD20077CCC2 /* ImageIO.framework in Frameworks */ = {isa = PBXBuildFile; fileRef = D9F1704D1ECEECD20077CCC2 /* ImageIO.framework */; };
		D9F170521ECEECE80077CCC2 /* libz.tbd in Frameworks */ = {isa = PBXBuildFile; fileRef = D9F170511ECEECE80077CCC2 /* libz.tbd */; };
		D9F170541ECEECF10077CCC2 /* QuartzCore.framework in Frameworks */ = {isa = PBXBuildFile; fileRef = D9F170531ECEECF10077CCC2 /* QuartzCore.framework */; };
		D9F170561ECEECFF0077CCC2 /* SystemConfiguration.framework in Frameworks */ = {isa = PBXBuildFile; fileRef = D9F170551ECEECFF0077CCC2 /* SystemConfiguration.framework */; };
		D9F170581ECEED090077CCC2 /* libc++.tbd in Frameworks */ = {isa = PBXBuildFile; fileRef = D9F170571ECEED090077CCC2 /* libc++.tbd */; };
		D9F1705A1ECEED120077CCC2 /* GLKit.framework in Frameworks */ = {isa = PBXBuildFile; fileRef = D9F170591ECEED120077CCC2 /* GLKit.framework */; };
/* End PBXBuildFile section */

/* Begin PBXFileReference section */
		D9F16FE41ECD672C0077CCC2 /* FarmGuide.app */ = {isa = PBXFileReference; explicitFileType = wrapper.application; includeInIndex = 0; path = FarmGuide.app; sourceTree = BUILT_PRODUCTS_DIR; };
		D9F16FE81ECD672C0077CCC2 /* main.m */ = {isa = PBXFileReference; lastKnownFileType = sourcecode.c.objc; path = main.m; sourceTree = "<group>"; };
		D9F16FEA1ECD672C0077CCC2 /* AppDelegate.h */ = {isa = PBXFileReference; lastKnownFileType = sourcecode.c.h; path = AppDelegate.h; sourceTree = "<group>"; };
		D9F16FEB1ECD672C0077CCC2 /* AppDelegate.m */ = {isa = PBXFileReference; lastKnownFileType = sourcecode.c.objc; path = AppDelegate.m; sourceTree = "<group>"; };
		D9F16FED1ECD672C0077CCC2 /* ViewController.h */ = {isa = PBXFileReference; lastKnownFileType = sourcecode.c.h; path = ViewController.h; sourceTree = "<group>"; };
		D9F16FEE1ECD672C0077CCC2 /* ViewController.m */ = {isa = PBXFileReference; lastKnownFileType = sourcecode.c.objc; path = ViewController.m; sourceTree = "<group>"; };
		D9F16FF31ECD672C0077CCC2 /* Assets.xcassets */ = {isa = PBXFileReference; lastKnownFileType = folder.assetcatalog; path = Assets.xcassets; sourceTree = "<group>"; };
		D9F16FF61ECD672C0077CCC2 /* Base */ = {isa = PBXFileReference; lastKnownFileType = file.storyboard; name = Base; path = Base.lproj/LaunchScreen.storyboard; sourceTree = "<group>"; };
		D9F16FF81ECD672C0077CCC2 /* Info.plist */ = {isa = PBXFileReference; lastKnownFileType = text.plist.xml; path = Info.plist; sourceTree = "<group>"; };
		D9F170001ECD6AB40077CCC2 /* JVFloatingDrawerAnimation.h */ = {isa = PBXFileReference; fileEncoding = 4; lastKnownFileType = sourcecode.c.h; path = JVFloatingDrawerAnimation.h; sourceTree = "<group>"; };
		D9F170011ECD6AB40077CCC2 /* JVFloatingDrawerSpringAnimator.h */ = {isa = PBXFileReference; fileEncoding = 4; lastKnownFileType = sourcecode.c.h; path = JVFloatingDrawerSpringAnimator.h; sourceTree = "<group>"; };
		D9F170021ECD6AB40077CCC2 /* JVFloatingDrawerSpringAnimator.m */ = {isa = PBXFileReference; fileEncoding = 4; lastKnownFileType = sourcecode.c.objc; path = JVFloatingDrawerSpringAnimator.m; sourceTree = "<group>"; };
		D9F170031ECD6AB40077CCC2 /* JVFloatingDrawerView.h */ = {isa = PBXFileReference; fileEncoding = 4; lastKnownFileType = sourcecode.c.h; path = JVFloatingDrawerView.h; sourceTree = "<group>"; };
		D9F170041ECD6AB40077CCC2 /* JVFloatingDrawerView.m */ = {isa = PBXFileReference; fileEncoding = 4; lastKnownFileType = sourcecode.c.objc; path = JVFloatingDrawerView.m; sourceTree = "<group>"; };
		D9F170051ECD6AB40077CCC2 /* JVFloatingDrawerViewController.h */ = {isa = PBXFileReference; fileEncoding = 4; lastKnownFileType = sourcecode.c.h; path = JVFloatingDrawerViewController.h; sourceTree = "<group>"; };
		D9F170061ECD6AB40077CCC2 /* JVFloatingDrawerViewController.m */ = {isa = PBXFileReference; fileEncoding = 4; lastKnownFileType = sourcecode.c.objc; path = JVFloatingDrawerViewController.m; sourceTree = "<group>"; };
		D9F1700B1ECD6B5D0077CCC2 /* SidebarViewController.h */ = {isa = PBXFileReference; fileEncoding = 4; lastKnownFileType = sourcecode.c.h; path = SidebarViewController.h; sourceTree = "<group>"; };
		D9F1700C1ECD6B5D0077CCC2 /* SidebarViewController.m */ = {isa = PBXFileReference; fileEncoding = 4; lastKnownFileType = sourcecode.c.objc; path = SidebarViewController.m; sourceTree = "<group>"; };
		D9F170101ECD758F0077CCC2 /* DBManager.h */ = {isa = PBXFileReference; fileEncoding = 4; lastKnownFileType = sourcecode.c.h; path = DBManager.h; sourceTree = "<group>"; };
		D9F170111ECD758F0077CCC2 /* DBManager.m */ = {isa = PBXFileReference; fileEncoding = 4; lastKnownFileType = sourcecode.c.objc; path = DBManager.m; sourceTree = "<group>"; };
		D9F170141ECD75AE0077CCC2 /* libsqlite3.tbd */ = {isa = PBXFileReference; lastKnownFileType = "sourcecode.text-based-dylib-definition"; name = libsqlite3.tbd; path = usr/lib/libsqlite3.tbd; sourceTree = SDKROOT; };
		D9F170161ECD76C20077CCC2 /* FarmGuide.sql */ = {isa = PBXFileReference; lastKnownFileType = file; path = FarmGuide.sql; sourceTree = "<group>"; };
		D9F170181ECD76FF0077CCC2 /* UserProfile.h */ = {isa = PBXFileReference; fileEncoding = 4; lastKnownFileType = sourcecode.c.h; path = UserProfile.h; sourceTree = "<group>"; };
		D9F170191ECD76FF0077CCC2 /* UserProfile.m */ = {isa = PBXFileReference; fileEncoding = 4; lastKnownFileType = sourcecode.c.objc; path = UserProfile.m; sourceTree = "<group>"; };
		D9F1701B1ECD78C50077CCC2 /* ProfileViewController.h */ = {isa = PBXFileReference; fileEncoding = 4; lastKnownFileType = sourcecode.c.h; path = ProfileViewController.h; sourceTree = "<group>"; };
		D9F1701C1ECD78C50077CCC2 /* ProfileViewController.m */ = {isa = PBXFileReference; fileEncoding = 4; lastKnownFileType = sourcecode.c.objc; path = ProfileViewController.m; sourceTree = "<group>"; };
		D9F1701E1ECD79040077CCC2 /* AppManager.h */ = {isa = PBXFileReference; fileEncoding = 4; lastKnownFileType = sourcecode.c.h; path = AppManager.h; sourceTree = "<group>"; };
		D9F1701F1ECD79040077CCC2 /* AppManager.m */ = {isa = PBXFileReference; fileEncoding = 4; lastKnownFileType = sourcecode.c.objc; path = AppManager.m; sourceTree = "<group>"; };
		D9F170221ECD80DA0077CCC2 /* ALAssetsLibrary+CustomPhotoAlbum.h */ = {isa = PBXFileReference; fileEncoding = 4; lastKnownFileType = sourcecode.c.h; path = "ALAssetsLibrary+CustomPhotoAlbum.h"; sourceTree = "<group>"; };
		D9F170231ECD80DA0077CCC2 /* ALAssetsLibrary+CustomPhotoAlbum.m */ = {isa = PBXFileReference; fileEncoding = 4; lastKnownFileType = sourcecode.c.objc; path = "ALAssetsLibrary+CustomPhotoAlbum.m"; sourceTree = "<group>"; };
		D9F170251ECD81620077CCC2 /* AssetsLibrary.framework */ = {isa = PBXFileReference; lastKnownFileType = wrapper.framework; name = AssetsLibrary.framework; path = System/Library/Frameworks/AssetsLibrary.framework; sourceTree = SDKROOT; };
		D9F170271ECD835F0077CCC2 /* PrefixHeader.pch */ = {isa = PBXFileReference; lastKnownFileType = sourcecode.c.h; path = PrefixHeader.pch; sourceTree = "<group>"; };
		D9F170281ECD840A0077CCC2 /* AppConstants.h */ = {isa = PBXFileReference; lastKnownFileType = sourcecode.c.h; path = AppConstants.h; sourceTree = "<group>"; };
		D9F170291ECDB93E0077CCC2 /* ProfileCell.h */ = {isa = PBXFileReference; fileEncoding = 4; lastKnownFileType = sourcecode.c.h; path = ProfileCell.h; sourceTree = "<group>"; };
		D9F1702A1ECDB93E0077CCC2 /* ProfileCell.m */ = {isa = PBXFileReference; fileEncoding = 4; lastKnownFileType = sourcecode.c.objc; path = ProfileCell.m; sourceTree = "<group>"; };
		D9F1702C1ECDCC970077CCC2 /* MobileCoreServices.framework */ = {isa = PBXFileReference; lastKnownFileType = wrapper.framework; name = MobileCoreServices.framework; path = System/Library/Frameworks/MobileCoreServices.framework; sourceTree = SDKROOT; };
		D9F1702E1ECDCFF10077CCC2 /* icon.ttf */ = {isa = PBXFileReference; lastKnownFileType = file; path = icon.ttf; sourceTree = "<group>"; };
		D9F170311ECDDDE30077CCC2 /* UIImage+FX.h */ = {isa = PBXFileReference; fileEncoding = 4; lastKnownFileType = sourcecode.c.h; path = "UIImage+FX.h"; sourceTree = "<group>"; };
		D9F170321ECDDDE30077CCC2 /* UIImage+FX.m */ = {isa = PBXFileReference; fileEncoding = 4; lastKnownFileType = sourcecode.c.objc; path = "UIImage+FX.m"; sourceTree = "<group>"; };
		D9F170341ECECDC40077CCC2 /* MapViewController.h */ = {isa = PBXFileReference; fileEncoding = 4; lastKnownFileType = sourcecode.c.h; path = MapViewController.h; sourceTree = "<group>"; };
		D9F170351ECECDC40077CCC2 /* MapViewController.m */ = {isa = PBXFileReference; fileEncoding = 4; lastKnownFileType = sourcecode.c.objc; path = MapViewController.m; sourceTree = "<group>"; };
		D9F1703D1ECEEC6D0077CCC2 /* GoogleMapsBase.framework */ = {isa = PBXFileReference; lastKnownFileType = wrapper.framework; path = GoogleMapsBase.framework; sourceTree = "<group>"; };
		D9F1703E1ECEEC6D0077CCC2 /* GooglePlaces.framework */ = {isa = PBXFileReference; lastKnownFileType = wrapper.framework; path = GooglePlaces.framework; sourceTree = "<group>"; };
		D9F170411ECEEC8E0077CCC2 /* GooglePlaces.bundle */ = {isa = PBXFileReference; lastKnownFileType = "wrapper.plug-in"; path = GooglePlaces.bundle; sourceTree = "<group>"; };
		D9F170431ECEECB80077CCC2 /* Accelerate.framework */ = {isa = PBXFileReference; lastKnownFileType = wrapper.framework; name = Accelerate.framework; path = System/Library/Frameworks/Accelerate.framework; sourceTree = SDKROOT; };
		D9F170451ECEECBC0077CCC2 /* CoreData.framework */ = {isa = PBXFileReference; lastKnownFileType = wrapper.framework; name = CoreData.framework; path = System/Library/Frameworks/CoreData.framework; sourceTree = SDKROOT; };
		D9F170471ECEECC40077CCC2 /* CoreGraphics.framework */ = {isa = PBXFileReference; lastKnownFileType = wrapper.framework; name = CoreGraphics.framework; path = System/Library/Frameworks/CoreGraphics.framework; sourceTree = SDKROOT; };
		D9F170491ECEECC80077CCC2 /* CoreLocation.framework */ = {isa = PBXFileReference; lastKnownFileType = wrapper.framework; name = CoreLocation.framework; path = System/Library/Frameworks/CoreLocation.framework; sourceTree = SDKROOT; };
		D9F1704B1ECEECCE0077CCC2 /* CoreText.framework */ = {isa = PBXFileReference; lastKnownFileType = wrapper.framework; name = CoreText.framework; path = System/Library/Frameworks/CoreText.framework; sourceTree = SDKROOT; };
		D9F1704D1ECEECD20077CCC2 /* ImageIO.framework */ = {isa = PBXFileReference; lastKnownFileType = wrapper.framework; name = ImageIO.framework; path = System/Library/Frameworks/ImageIO.framework; sourceTree = SDKROOT; };
		D9F1704F1ECEECDF0077CCC2 /* libc.tbd */ = {isa = PBXFileReference; lastKnownFileType = "sourcecode.text-based-dylib-definition"; name = libc.tbd; path = usr/lib/libc.tbd; sourceTree = SDKROOT; };
		D9F170511ECEECE80077CCC2 /* libz.tbd */ = {isa = PBXFileReference; lastKnownFileType = "sourcecode.text-based-dylib-definition"; name = libz.tbd; path = usr/lib/libz.tbd; sourceTree = SDKROOT; };
		D9F170531ECEECF10077CCC2 /* QuartzCore.framework */ = {isa = PBXFileReference; lastKnownFileType = wrapper.framework; name = QuartzCore.framework; path = System/Library/Frameworks/QuartzCore.framework; sourceTree = SDKROOT; };
		D9F170551ECEECFF0077CCC2 /* SystemConfiguration.framework */ = {isa = PBXFileReference; lastKnownFileType = wrapper.framework; name = SystemConfiguration.framework; path = System/Library/Frameworks/SystemConfiguration.framework; sourceTree = SDKROOT; };
		D9F170571ECEED090077CCC2 /* libc++.tbd */ = {isa = PBXFileReference; lastKnownFileType = "sourcecode.text-based-dylib-definition"; name = "libc++.tbd"; path = "usr/lib/libc++.tbd"; sourceTree = SDKROOT; };
		D9F170591ECEED120077CCC2 /* GLKit.framework */ = {isa = PBXFileReference; lastKnownFileType = wrapper.framework; name = GLKit.framework; path = System/Library/Frameworks/GLKit.framework; sourceTree = SDKROOT; };
/* End PBXFileReference section */

/* Begin PBXFrameworksBuildPhase section */
		D9F16FE11ECD672C0077CCC2 /* Frameworks */ = {
			isa = PBXFrameworksBuildPhase;
			buildActionMask = 2147483647;
			files = (
				D9F1705A1ECEED120077CCC2 /* GLKit.framework in Frameworks */,
				D9F170581ECEED090077CCC2 /* libc++.tbd in Frameworks */,
				D9F170561ECEECFF0077CCC2 /* SystemConfiguration.framework in Frameworks */,
				D9F170541ECEECF10077CCC2 /* QuartzCore.framework in Frameworks */,
				D9F170521ECEECE80077CCC2 /* libz.tbd in Frameworks */,
				D9F1704E1ECEECD20077CCC2 /* ImageIO.framework in Frameworks */,
				D9F1704C1ECEECCE0077CCC2 /* CoreText.framework in Frameworks */,
				D9F1704A1ECEECC80077CCC2 /* CoreLocation.framework in Frameworks */,
				D9F170481ECEECC40077CCC2 /* CoreGraphics.framework in Frameworks */,
				D9F170461ECEECBC0077CCC2 /* CoreData.framework in Frameworks */,
				D9F170441ECEECB80077CCC2 /* Accelerate.framework in Frameworks */,
				D9F1702D1ECDCC970077CCC2 /* MobileCoreServices.framework in Frameworks */,
				D9F1703F1ECEEC6D0077CCC2 /* GoogleMapsBase.framework in Frameworks */,
				D9F170261ECD81620077CCC2 /* AssetsLibrary.framework in Frameworks */,
				D9F170151ECD75AE0077CCC2 /* libsqlite3.tbd in Frameworks */,
				D9F170401ECEEC6D0077CCC2 /* GooglePlaces.framework in Frameworks */,
			);
			runOnlyForDeploymentPostprocessing = 0;
		};
/* End PBXFrameworksBuildPhase section */

/* Begin PBXGroup section */
		D9F16FDB1ECD672C0077CCC2 = {
			isa = PBXGroup;
			children = (
				D9F16FE61ECD672C0077CCC2 /* FarmGuide */,
				D9F16FE51ECD672C0077CCC2 /* Products */,
				D9F170131ECD75AE0077CCC2 /* Frameworks */,
			);
			sourceTree = "<group>";
		};
		D9F16FE51ECD672C0077CCC2 /* Products */ = {
			isa = PBXGroup;
			children = (
				D9F16FE41ECD672C0077CCC2 /* FarmGuide.app */,
			);
			name = Products;
			sourceTree = "<group>";
		};
		D9F16FE61ECD672C0077CCC2 /* FarmGuide */ = {
			isa = PBXGroup;
			children = (
				D9F16FEA1ECD672C0077CCC2 /* AppDelegate.h */,
				D9F16FEB1ECD672C0077CCC2 /* AppDelegate.m */,
				D9F16FF31ECD672C0077CCC2 /* Assets.xcassets */,
				D9F1700F1ECD6C100077CCC2 /* Model */,
				D9F1700E1ECD6C0A0077CCC2 /* Views */,
				D9F1700A1ECD6B340077CCC2 /* Controllers */,
				D9F16FFE1ECD6A920077CCC2 /* ExternalLibraries */,
				D9F16FF51ECD672C0077CCC2 /* LaunchScreen.storyboard */,
				D9F16FE71ECD672C0077CCC2 /* Supporting Files */,
			);
			path = FarmGuide;
			sourceTree = "<group>";
		};
		D9F16FE71ECD672C0077CCC2 /* Supporting Files */ = {
			isa = PBXGroup;
			children = (
				D9F1702E1ECDCFF10077CCC2 /* icon.ttf */,
				D9F16FF81ECD672C0077CCC2 /* Info.plist */,
				D9F16FE81ECD672C0077CCC2 /* main.m */,
				D9F170271ECD835F0077CCC2 /* PrefixHeader.pch */,
				D9F170281ECD840A0077CCC2 /* AppConstants.h */,
			);
			name = "Supporting Files";
			sourceTree = "<group>";
		};
		D9F16FFE1ECD6A920077CCC2 /* ExternalLibraries */ = {
			isa = PBXGroup;
			children = (
				D9F1703C1ECEEC3E0077CCC2 /* Google Places */,
				D9F170301ECDDDC50077CCC2 /* Helper */,
				D9F170211ECD80DA0077CCC2 /* CustomPhotoAlbum */,
				D9F16FFF1ECD6AB40077CCC2 /* JVFloatingDrawer */,
			);
			path = ExternalLibraries;
			sourceTree = "<group>";
		};
		D9F16FFF1ECD6AB40077CCC2 /* JVFloatingDrawer */ = {
			isa = PBXGroup;
			children = (
				D9F170001ECD6AB40077CCC2 /* JVFloatingDrawerAnimation.h */,
				D9F170011ECD6AB40077CCC2 /* JVFloatingDrawerSpringAnimator.h */,
				D9F170021ECD6AB40077CCC2 /* JVFloatingDrawerSpringAnimator.m */,
				D9F170031ECD6AB40077CCC2 /* JVFloatingDrawerView.h */,
				D9F170041ECD6AB40077CCC2 /* JVFloatingDrawerView.m */,
				D9F170051ECD6AB40077CCC2 /* JVFloatingDrawerViewController.h */,
				D9F170061ECD6AB40077CCC2 /* JVFloatingDrawerViewController.m */,
			);
			path = JVFloatingDrawer;
			sourceTree = "<group>";
		};
		D9F1700A1ECD6B340077CCC2 /* Controllers */ = {
			isa = PBXGroup;
			children = (
				D9F16FED1ECD672C0077CCC2 /* ViewController.h */,
				D9F16FEE1ECD672C0077CCC2 /* ViewController.m */,
				D9F1700B1ECD6B5D0077CCC2 /* SidebarViewController.h */,
				D9F1700C1ECD6B5D0077CCC2 /* SidebarViewController.m */,
				D9F1701B1ECD78C50077CCC2 /* ProfileViewController.h */,
				D9F1701C1ECD78C50077CCC2 /* ProfileViewController.m */,
				D9F170341ECECDC40077CCC2 /* MapViewController.h */,
				D9F170351ECECDC40077CCC2 /* MapViewController.m */,
			);
			path = Controllers;
			sourceTree = "<group>";
		};
		D9F1700E1ECD6C0A0077CCC2 /* Views */ = {
			isa = PBXGroup;
			children = (
				D9F170291ECDB93E0077CCC2 /* ProfileCell.h */,
				D9F1702A1ECDB93E0077CCC2 /* ProfileCell.m */,
			);
			path = Views;
			sourceTree = "<group>";
		};
		D9F1700F1ECD6C100077CCC2 /* Model */ = {
			isa = PBXGroup;
			children = (
				D9F170161ECD76C20077CCC2 /* FarmGuide.sql */,
				D9F170101ECD758F0077CCC2 /* DBManager.h */,
				D9F170111ECD758F0077CCC2 /* DBManager.m */,
				D9F170181ECD76FF0077CCC2 /* UserProfile.h */,
				D9F170191ECD76FF0077CCC2 /* UserProfile.m */,
				D9F1701E1ECD79040077CCC2 /* AppManager.h */,
				D9F1701F1ECD79040077CCC2 /* AppManager.m */,
			);
			path = Model;
			sourceTree = "<group>";
		};
		D9F170131ECD75AE0077CCC2 /* Frameworks */ = {
			isa = PBXGroup;
			children = (
				D9F170591ECEED120077CCC2 /* GLKit.framework */,
				D9F170571ECEED090077CCC2 /* libc++.tbd */,
				D9F170551ECEECFF0077CCC2 /* SystemConfiguration.framework */,
				D9F170531ECEECF10077CCC2 /* QuartzCore.framework */,
				D9F170511ECEECE80077CCC2 /* libz.tbd */,
				D9F1704F1ECEECDF0077CCC2 /* libc.tbd */,
				D9F1704D1ECEECD20077CCC2 /* ImageIO.framework */,
				D9F1704B1ECEECCE0077CCC2 /* CoreText.framework */,
				D9F170491ECEECC80077CCC2 /* CoreLocation.framework */,
				D9F170471ECEECC40077CCC2 /* CoreGraphics.framework */,
				D9F170451ECEECBC0077CCC2 /* CoreData.framework */,
				D9F170431ECEECB80077CCC2 /* Accelerate.framework */,
				D9F1702C1ECDCC970077CCC2 /* MobileCoreServices.framework */,
				D9F170251ECD81620077CCC2 /* AssetsLibrary.framework */,
				D9F170141ECD75AE0077CCC2 /* libsqlite3.tbd */,
			);
			name = Frameworks;
			sourceTree = "<group>";
		};
		D9F170211ECD80DA0077CCC2 /* CustomPhotoAlbum */ = {
			isa = PBXGroup;
			children = (
				D9F170221ECD80DA0077CCC2 /* ALAssetsLibrary+CustomPhotoAlbum.h */,
				D9F170231ECD80DA0077CCC2 /* ALAssetsLibrary+CustomPhotoAlbum.m */,
			);
			path = CustomPhotoAlbum;
			sourceTree = "<group>";
		};
		D9F170301ECDDDC50077CCC2 /* Helper */ = {
			isa = PBXGroup;
			children = (
				D9F170311ECDDDE30077CCC2 /* UIImage+FX.h */,
				D9F170321ECDDDE30077CCC2 /* UIImage+FX.m */,
			);
			path = Helper;
			sourceTree = "<group>";
		};
		D9F1703C1ECEEC3E0077CCC2 /* Google Places */ = {
			isa = PBXGroup;
			children = (
				D9F170411ECEEC8E0077CCC2 /* GooglePlaces.bundle */,
				D9F1703D1ECEEC6D0077CCC2 /* GoogleMapsBase.framework */,
				D9F1703E1ECEEC6D0077CCC2 /* GooglePlaces.framework */,
			);
			path = "Google Places";
			sourceTree = "<group>";
		};
/* End PBXGroup section */

/* Begin PBXNativeTarget section */
		D9F16FE31ECD672C0077CCC2 /* FarmGuide */ = {
			isa = PBXNativeTarget;
			buildConfigurationList = D9F16FFB1ECD672C0077CCC2 /* Build configuration list for PBXNativeTarget "FarmGuide" */;
			buildPhases = (
				D9F16FE01ECD672C0077CCC2 /* Sources */,
				D9F16FE11ECD672C0077CCC2 /* Frameworks */,
				D9F16FE21ECD672C0077CCC2 /* Resources */,
			);
			buildRules = (
			);
			dependencies = (
			);
			name = FarmGuide;
			productName = FarmGuide;
			productReference = D9F16FE41ECD672C0077CCC2 /* FarmGuide.app */;
			productType = "com.apple.product-type.application";
		};
/* End PBXNativeTarget section */

/* Begin PBXProject section */
		D9F16FDC1ECD672C0077CCC2 /* Project object */ = {
			isa = PBXProject;
			attributes = {
				LastUpgradeCheck = 0830;
				ORGANIZATIONNAME = "Swati Wadhera";
				TargetAttributes = {
					D9F16FE31ECD672C0077CCC2 = {
						CreatedOnToolsVersion = 8.3.2;
						ProvisioningStyle = Automatic;
					};
				};
			};
			buildConfigurationList = D9F16FDF1ECD672C0077CCC2 /* Build configuration list for PBXProject "FarmGuide" */;
			compatibilityVersion = "Xcode 3.2";
			developmentRegion = English;
			hasScannedForEncodings = 0;
			knownRegions = (
				en,
				Base,
			);
			mainGroup = D9F16FDB1ECD672C0077CCC2;
			productRefGroup = D9F16FE51ECD672C0077CCC2 /* Products */;
			projectDirPath = "";
			projectRoot = "";
			targets = (
				D9F16FE31ECD672C0077CCC2 /* FarmGuide */,
			);
		};
/* End PBXProject section */

/* Begin PBXResourcesBuildPhase section */
		D9F16FE21ECD672C0077CCC2 /* Resources */ = {
			isa = PBXResourcesBuildPhase;
			buildActionMask = 2147483647;
			files = (
				D9F170171ECD76C20077CCC2 /* FarmGuide.sql in Resources */,
				D9F1702F1ECDCFF10077CCC2 /* icon.ttf in Resources */,
				D9F16FF71ECD672C0077CCC2 /* LaunchScreen.storyboard in Resources */,
				D9F16FF41ECD672C0077CCC2 /* Assets.xcassets in Resources */,
				D9F170421ECEEC8E0077CCC2 /* GooglePlaces.bundle in Resources */,
			);
			runOnlyForDeploymentPostprocessing = 0;
		};
/* End PBXResourcesBuildPhase section */

/* Begin PBXSourcesBuildPhase section */
		D9F16FE01ECD672C0077CCC2 /* Sources */ = {
			isa = PBXSourcesBuildPhase;
			buildActionMask = 2147483647;
			files = (
				D9F170071ECD6AB40077CCC2 /* JVFloatingDrawerSpringAnimator.m in Sources */,
				D9F16FEF1ECD672C0077CCC2 /* ViewController.m in Sources */,
				D9F1701A1ECD76FF0077CCC2 /* UserProfile.m in Sources */,
				D9F170091ECD6AB40077CCC2 /* JVFloatingDrawerViewController.m in Sources */,
				D9F1701D1ECD78C50077CCC2 /* ProfileViewController.m in Sources */,
				D9F170331ECDDDE30077CCC2 /* UIImage+FX.m in Sources */,
				D9F1700D1ECD6B5D0077CCC2 /* SidebarViewController.m in Sources */,
				D9F16FEC1ECD672C0077CCC2 /* AppDelegate.m in Sources */,
				D9F170081ECD6AB40077CCC2 /* JVFloatingDrawerView.m in Sources */,
				D9F170201ECD79040077CCC2 /* AppManager.m in Sources */,
				D9F1702B1ECDB93E0077CCC2 /* ProfileCell.m in Sources */,
				D9F16FE91ECD672C0077CCC2 /* main.m in Sources */,
				D9F170361ECECDC40077CCC2 /* MapViewController.m in Sources */,
				D9F170121ECD758F0077CCC2 /* DBManager.m in Sources */,
				D9F170241ECD80DA0077CCC2 /* ALAssetsLibrary+CustomPhotoAlbum.m in Sources */,
			);
			runOnlyForDeploymentPostprocessing = 0;
		};
/* End PBXSourcesBuildPhase section */

/* Begin PBXVariantGroup section */
		D9F16FF51ECD672C0077CCC2 /* LaunchScreen.storyboard */ = {
			isa = PBXVariantGroup;
			children = (
				D9F16FF61ECD672C0077CCC2 /* Base */,
			);
			name = LaunchScreen.storyboard;
			sourceTree = "<group>";
		};
/* End PBXVariantGroup section */

/* Begin XCBuildConfiguration section */
		D9F16FF91ECD672C0077CCC2 /* Debug */ = {
			isa = XCBuildConfiguration;
			buildSettings = {
				ALWAYS_SEARCH_USER_PATHS = NO;
				CLANG_ANALYZER_NONNULL = YES;
				CLANG_ANALYZER_NUMBER_OBJECT_CONVERSION = YES_AGGRESSIVE;
				CLANG_CXX_LANGUAGE_STANDARD = "gnu++0x";
				CLANG_CXX_LIBRARY = "libc++";
				CLANG_ENABLE_MODULES = YES;
				CLANG_ENABLE_OBJC_ARC = YES;
				CLANG_WARN_BOOL_CONVERSION = YES;
				CLANG_WARN_CONSTANT_CONVERSION = YES;
				CLANG_WARN_DIRECT_OBJC_ISA_USAGE = YES_ERROR;
				CLANG_WARN_DOCUMENTATION_COMMENTS = YES;
				CLANG_WARN_EMPTY_BODY = YES;
				CLANG_WARN_ENUM_CONVERSION = YES;
				CLANG_WARN_INFINITE_RECURSION = YES;
				CLANG_WARN_INT_CONVERSION = YES;
				CLANG_WARN_OBJC_ROOT_CLASS = YES_ERROR;
				CLANG_WARN_SUSPICIOUS_MOVE = YES;
				CLANG_WARN_UNREACHABLE_CODE = YES;
				CLANG_WARN__DUPLICATE_METHOD_MATCH = YES;
				"CODE_SIGN_IDENTITY[sdk=iphoneos*]" = "iPhone Developer";
				COPY_PHASE_STRIP = NO;
				DEBUG_INFORMATION_FORMAT = dwarf;
				ENABLE_STRICT_OBJC_MSGSEND = YES;
				ENABLE_TESTABILITY = YES;
				GCC_C_LANGUAGE_STANDARD = gnu99;
				GCC_DYNAMIC_NO_PIC = NO;
				GCC_NO_COMMON_BLOCKS = YES;
				GCC_OPTIMIZATION_LEVEL = 0;
				GCC_PREPROCESSOR_DEFINITIONS = (
					"DEBUG=1",
					"$(inherited)",
				);
				GCC_WARN_64_TO_32_BIT_CONVERSION = YES;
				GCC_WARN_ABOUT_RETURN_TYPE = YES_ERROR;
				GCC_WARN_UNDECLARED_SELECTOR = YES;
				GCC_WARN_UNINITIALIZED_AUTOS = YES_AGGRESSIVE;
				GCC_WARN_UNUSED_FUNCTION = YES;
				GCC_WARN_UNUSED_VARIABLE = YES;
				IPHONEOS_DEPLOYMENT_TARGET = 10.3;
				MTL_ENABLE_DEBUG_INFO = YES;
				ONLY_ACTIVE_ARCH = YES;
				SDKROOT = iphoneos;
			};
			name = Debug;
		};
		D9F16FFA1ECD672C0077CCC2 /* Release */ = {
			isa = XCBuildConfiguration;
			buildSettings = {
				ALWAYS_SEARCH_USER_PATHS = NO;
				CLANG_ANALYZER_NONNULL = YES;
				CLANG_ANALYZER_NUMBER_OBJECT_CONVERSION = YES_AGGRESSIVE;
				CLANG_CXX_LANGUAGE_STANDARD = "gnu++0x";
				CLANG_CXX_LIBRARY = "libc++";
				CLANG_ENABLE_MODULES = YES;
				CLANG_ENABLE_OBJC_ARC = YES;
				CLANG_WARN_BOOL_CONVERSION = YES;
				CLANG_WARN_CONSTANT_CONVERSION = YES;
				CLANG_WARN_DIRECT_OBJC_ISA_USAGE = YES_ERROR;
				CLANG_WARN_DOCUMENTATION_COMMENTS = YES;
				CLANG_WARN_EMPTY_BODY = YES;
				CLANG_WARN_ENUM_CONVERSION = YES;
				CLANG_WARN_INFINITE_RECURSION = YES;
				CLANG_WARN_INT_CONVERSION = YES;
				CLANG_WARN_OBJC_ROOT_CLASS = YES_ERROR;
				CLANG_WARN_SUSPICIOUS_MOVE = YES;
				CLANG_WARN_UNREACHABLE_CODE = YES;
				CLANG_WARN__DUPLICATE_METHOD_MATCH = YES;
				"CODE_SIGN_IDENTITY[sdk=iphoneos*]" = "iPhone Developer";
				COPY_PHASE_STRIP = NO;
				DEBUG_INFORMATION_FORMAT = "dwarf-with-dsym";
				ENABLE_NS_ASSERTIONS = NO;
				ENABLE_STRICT_OBJC_MSGSEND = YES;
				GCC_C_LANGUAGE_STANDARD = gnu99;
				GCC_NO_COMMON_BLOCKS = YES;
				GCC_WARN_64_TO_32_BIT_CONVERSION = YES;
				GCC_WARN_ABOUT_RETURN_TYPE = YES_ERROR;
				GCC_WARN_UNDECLARED_SELECTOR = YES;
				GCC_WARN_UNINITIALIZED_AUTOS = YES_AGGRESSIVE;
				GCC_WARN_UNUSED_FUNCTION = YES;
				GCC_WARN_UNUSED_VARIABLE = YES;
				IPHONEOS_DEPLOYMENT_TARGET = 10.3;
				MTL_ENABLE_DEBUG_INFO = NO;
				SDKROOT = iphoneos;
				VALIDATE_PRODUCT = YES;
			};
			name = Release;
		};
		D9F16FFC1ECD672C0077CCC2 /* Debug */ = {
			isa = XCBuildConfiguration;
			buildSettings = {
				ASSETCATALOG_COMPILER_APPICON_NAME = AppIcon;
				FRAMEWORK_SEARCH_PATHS = (
					"$(inherited)",
					"\"$(PROJECT_DIR)/FarmGuide/ExternalLibraries/Google Places\"",
				);
				GCC_PREFIX_HEADER = "$(PROJECT_DIR)/FarmGuide/PrefixHeader.pch";
				INFOPLIST_FILE = FarmGuide/Info.plist;
				LD_RUNPATH_SEARCH_PATHS = "$(inherited) @executable_path/Frameworks";
				ONLY_ACTIVE_ARCH = NO;
				OTHER_LDFLAGS = "-ObjC";
				PRODUCT_BUNDLE_IDENTIFIER = com.swati.FarmGuide;
				PRODUCT_NAME = "$(TARGET_NAME)";
			};
			name = Debug;
		};
		D9F16FFD1ECD672C0077CCC2 /* Release */ = {
			isa = XCBuildConfiguration;
			buildSettings = {
				ASSETCATALOG_COMPILER_APPICON_NAME = AppIcon;
				FRAMEWORK_SEARCH_PATHS = (
					"$(inherited)",
					"\"$(PROJECT_DIR)/FarmGuide/ExternalLibraries/Google Places\"",
				);
				GCC_PREFIX_HEADER = "$(PROJECT_DIR)/FarmGuide/PrefixHeader.pch";
				INFOPLIST_FILE = FarmGuide/Info.plist;
				LD_RUNPATH_SEARCH_PATHS = "$(inherited) @executable_path/Frameworks";
				OTHER_LDFLAGS = "-ObjC";
				PRODUCT_BUNDLE_IDENTIFIER = com.swati.FarmGuide;
				PRODUCT_NAME = "$(TARGET_NAME)";
			};
			name = Release;
		};
/* End XCBuildConfiguration section */

/* Begin XCConfigurationList section */
		D9F16FDF1ECD672C0077CCC2 /* Build configuration list for PBXProject "FarmGuide" */ = {
			isa = XCConfigurationList;
			buildConfigurations = (
				D9F16FF91ECD672C0077CCC2 /* Debug */,
				D9F16FFA1ECD672C0077CCC2 /* Release */,
			);
			defaultConfigurationIsVisible = 0;
			defaultConfigurationName = Release;
		};
		D9F16FFB1ECD672C0077CCC2 /* Build configuration list for PBXNativeTarget "FarmGuide" */ = {
			isa = XCConfigurationList;
			buildConfigurations = (
				D9F16FFC1ECD672C0077CCC2 /* Debug */,
				D9F16FFD1ECD672C0077CCC2 /* Release */,
			);
			defaultConfigurationIsVisible = 0;
		};
/* End XCConfigurationList section */
	};
	rootObject = D9F16FDC1ECD672C0077CCC2 /* Project object */;
}
